// !$*UTF8*$!
{
	archiveVersion = 1;
	classes = {
	};
	objectVersion = 50;
	objects = {

/* Begin PBXBuildFile section */
		E7A11D87242FC1B1006CDB9B /* AppDelegate.swift in Sources */ = {isa = PBXBuildFile; fileRef = E7A11D86242FC1B1006CDB9B /* AppDelegate.swift */; };
		E7A11D89242FC1B1006CDB9B /* SceneDelegate.swift in Sources */ = {isa = PBXBuildFile; fileRef = E7A11D88242FC1B1006CDB9B /* SceneDelegate.swift */; };
		E7A11D8B242FC1B1006CDB9B /* ViewController.swift in Sources */ = {isa = PBXBuildFile; fileRef = E7A11D8A242FC1B1006CDB9B /* ViewController.swift */; };
		E7A11D8E242FC1B1006CDB9B /* Main.storyboard in Resources */ = {isa = PBXBuildFile; fileRef = E7A11D8C242FC1B1006CDB9B /* Main.storyboard */; };
		E7A11D90242FC1B5006CDB9B /* Assets.xcassets in Resources */ = {isa = PBXBuildFile; fileRef = E7A11D8F242FC1B5006CDB9B /* Assets.xcassets */; };
		E7A11D93242FC1B5006CDB9B /* LaunchScreen.storyboard in Resources */ = {isa = PBXBuildFile; fileRef = E7A11D91242FC1B5006CDB9B /* LaunchScreen.storyboard */; };
		E7A11D9E242FC1B5006CDB9B /* SimpleCalculatorTests.swift in Sources */ = {isa = PBXBuildFile; fileRef = E7A11D9D242FC1B5006CDB9B /* SimpleCalculatorTests.swift */; };
		E7A11DA9242FC1B5006CDB9B /* SimpleCalculatorUITests.swift in Sources */ = {isa = PBXBuildFile; fileRef = E7A11DA8242FC1B5006CDB9B /* SimpleCalculatorUITests.swift */; };
/* End PBXBuildFile section */

/* Begin PBXContainerItemProxy section */
		E7A11D9A242FC1B5006CDB9B /* PBXContainerItemProxy */ = {
			isa = PBXContainerItemProxy;
			containerPortal = E7A11D7B242FC1B1006CDB9B /* Project object */;
			proxyType = 1;
			remoteGlobalIDString = E7A11D82242FC1B1006CDB9B;
			remoteInfo = SimpleCalculator;
		};
		E7A11DA5242FC1B5006CDB9B /* PBXContainerItemProxy */ = {
			isa = PBXContainerItemProxy;
			containerPortal = E7A11D7B242FC1B1006CDB9B /* Project object */;
			proxyType = 1;
			remoteGlobalIDString = E7A11D82242FC1B1006CDB9B;
			remoteInfo = SimpleCalculator;
		};
/* End PBXContainerItemProxy section */

/* Begin PBXFileReference section */
		E7A11D83242FC1B1006CDB9B /* SimpleCalculator.app */ = {isa = PBXFileReference; explicitFileType = wrapper.application; includeInIndex = 0; path = SimpleCalculator.app; sourceTree = BUILT_PRODUCTS_DIR; };
		E7A11D86242FC1B1006CDB9B /* AppDelegate.swift */ = {isa = PBXFileReference; lastKnownFileType = sourcecode.swift; path = AppDelegate.swift; sourceTree = "<group>"; };
		E7A11D88242FC1B1006CDB9B /* SceneDelegate.swift */ = {isa = PBXFileReference; lastKnownFileType = sourcecode.swift; path = SceneDelegate.swift; sourceTree = "<group>"; };
		E7A11D8A242FC1B1006CDB9B /* ViewController.swift */ = {isa = PBXFileReference; lastKnownFileType = sourcecode.swift; path = ViewController.swift; sourceTree = "<group>"; };
		E7A11D8D242FC1B1006CDB9B /* Base */ = {isa = PBXFileReference; lastKnownFileType = file.storyboard; name = Base; path = Base.lproj/Main.storyboard; sourceTree = "<group>"; };
		E7A11D8F242FC1B5006CDB9B /* Assets.xcassets */ = {isa = PBXFileReference; lastKnownFileType = folder.assetcatalog; path = Assets.xcassets; sourceTree = "<group>"; };
		E7A11D92242FC1B5006CDB9B /* Base */ = {isa = PBXFileReference; lastKnownFileType = file.storyboard; name = Base; path = Base.lproj/LaunchScreen.storyboard; sourceTree = "<group>"; };
		E7A11D94242FC1B5006CDB9B /* Info.plist */ = {isa = PBXFileReference; lastKnownFileType = text.plist.xml; path = Info.plist; sourceTree = "<group>"; };
		E7A11D99242FC1B5006CDB9B /* SimpleCalculatorTests.xctest */ = {isa = PBXFileReference; explicitFileType = wrapper.cfbundle; includeInIndex = 0; path = SimpleCalculatorTests.xctest; sourceTree = BUILT_PRODUCTS_DIR; };
		E7A11D9D242FC1B5006CDB9B /* SimpleCalculatorTests.swift */ = {isa = PBXFileReference; lastKnownFileType = sourcecode.swift; path = SimpleCalculatorTests.swift; sourceTree = "<group>"; };
		E7A11D9F242FC1B5006CDB9B /* Info.plist */ = {isa = PBXFileReference; lastKnownFileType = text.plist.xml; path = Info.plist; sourceTree = "<group>"; };
		E7A11DA4242FC1B5006CDB9B /* SimpleCalculatorUITests.xctest */ = {isa = PBXFileReference; explicitFileType = wrapper.cfbundle; includeInIndex = 0; path = SimpleCalculatorUITests.xctest; sourceTree = BUILT_PRODUCTS_DIR; };
		E7A11DA8242FC1B5006CDB9B /* SimpleCalculatorUITests.swift */ = {isa = PBXFileReference; lastKnownFileType = sourcecode.swift; path = SimpleCalculatorUITests.swift; sourceTree = "<group>"; };
		E7A11DAA242FC1B5006CDB9B /* Info.plist */ = {isa = PBXFileReference; lastKnownFileType = text.plist.xml; path = Info.plist; sourceTree = "<group>"; };
/* End PBXFileReference section */

/* Begin PBXFrameworksBuildPhase section */
		E7A11D80242FC1B1006CDB9B /* Frameworks */ = {
			isa = PBXFrameworksBuildPhase;
			buildActionMask = 2147483647;
			files = (
			);
			runOnlyForDeploymentPostprocessing = 0;
		};
		E7A11D96242FC1B5006CDB9B /* Frameworks */ = {
			isa = PBXFrameworksBuildPhase;
			buildActionMask = 2147483647;
			files = (
			);
			runOnlyForDeploymentPostprocessing = 0;
		};
		E7A11DA1242FC1B5006CDB9B /* Frameworks */ = {
			isa = PBXFrameworksBuildPhase;
			buildActionMask = 2147483647;
			files = (
			);
			runOnlyForDeploymentPostprocessing = 0;
		};
/* End PBXFrameworksBuildPhase section */

/* Begin PBXGroup section */
		E7A11D7A242FC1B1006CDB9B = {
			isa = PBXGroup;
			children = (
				E7A11D85242FC1B1006CDB9B /* SimpleCalculator */,
				E7A11D9C242FC1B5006CDB9B /* SimpleCalculatorTests */,
				E7A11DA7242FC1B5006CDB9B /* SimpleCalculatorUITests */,
				E7A11D84242FC1B1006CDB9B /* Products */,
			);
			sourceTree = "<group>";
		};
		E7A11D84242FC1B1006CDB9B /* Products */ = {
			isa = PBXGroup;
			children = (
				E7A11D83242FC1B1006CDB9B /* SimpleCalculator.app */,
				E7A11D99242FC1B5006CDB9B /* SimpleCalculatorTests.xctest */,
				E7A11DA4242FC1B5006CDB9B /* SimpleCalculatorUITests.xctest */,
			);
			name = Products;
			sourceTree = "<group>";
		};
		E7A11D85242FC1B1006CDB9B /* SimpleCalculator */ = {
			isa = PBXGroup;
			children = (
				E7A11D86242FC1B1006CDB9B /* AppDelegate.swift */,
				E7A11D88242FC1B1006CDB9B /* SceneDelegate.swift */,
				E7A11D8A242FC1B1006CDB9B /* ViewController.swift */,
				E7A11D8C242FC1B1006CDB9B /* Main.storyboard */,
				E7A11D8F242FC1B5006CDB9B /* Assets.xcassets */,
				E7A11D91242FC1B5006CDB9B /* LaunchScreen.storyboard */,
				E7A11D94242FC1B5006CDB9B /* Info.plist */,
			);
			path = SimpleCalculator;
			sourceTree = "<group>";
		};
		E7A11D9C242FC1B5006CDB9B /* SimpleCalculatorTests */ = {
			isa = PBXGroup;
			children = (
				E7A11D9D242FC1B5006CDB9B /* SimpleCalculatorTests.swift */,
				E7A11D9F242FC1B5006CDB9B /* Info.plist */,
			);
			path = SimpleCalculatorTests;
			sourceTree = "<group>";
		};
		E7A11DA7242FC1B5006CDB9B /* SimpleCalculatorUITests */ = {
			isa = PBXGroup;
			children = (
				E7A11DA8242FC1B5006CDB9B /* SimpleCalculatorUITests.swift */,
				E7A11DAA242FC1B5006CDB9B /* Info.plist */,
			);
			path = SimpleCalculatorUITests;
			sourceTree = "<group>";
		};
/* End PBXGroup section */

/* Begin PBXNativeTarget section */
		E7A11D82242FC1B1006CDB9B /* SimpleCalculator */ = {
			isa = PBXNativeTarget;
			buildConfigurationList = E7A11DAD242FC1B5006CDB9B /* Build configuration list for PBXNativeTarget "SimpleCalculator" */;
			buildPhases = (
				E7A11D7F242FC1B1006CDB9B /* Sources */,
				E7A11D80242FC1B1006CDB9B /* Frameworks */,
				E7A11D81242FC1B1006CDB9B /* Resources */,
			);
			buildRules = (
			);
			dependencies = (
			);
			name = SimpleCalculator;
			productName = SimpleCalculator;
			productReference = E7A11D83242FC1B1006CDB9B /* SimpleCalculator.app */;
			productType = "com.apple.product-type.application";
		};
		E7A11D98242FC1B5006CDB9B /* SimpleCalculatorTests */ = {
			isa = PBXNativeTarget;
			buildConfigurationList = E7A11DB0242FC1B5006CDB9B /* Build configuration list for PBXNativeTarget "SimpleCalculatorTests" */;
			buildPhases = (
				E7A11D95242FC1B5006CDB9B /* Sources */,
				E7A11D96242FC1B5006CDB9B /* Frameworks */,
				E7A11D97242FC1B5006CDB9B /* Resources */,
			);
			buildRules = (
			);
			dependencies = (
				E7A11D9B242FC1B5006CDB9B /* PBXTargetDependency */,
			);
			name = SimpleCalculatorTests;
			productName = SimpleCalculatorTests;
			productReference = E7A11D99242FC1B5006CDB9B /* SimpleCalculatorTests.xctest */;
			productType = "com.apple.product-type.bundle.unit-test";
		};
		E7A11DA3242FC1B5006CDB9B /* SimpleCalculatorUITests */ = {
			isa = PBXNativeTarget;
			buildConfigurationList = E7A11DB3242FC1B5006CDB9B /* Build configuration list for PBXNativeTarget "SimpleCalculatorUITests" */;
			buildPhases = (
				E7A11DA0242FC1B5006CDB9B /* Sources */,
				E7A11DA1242FC1B5006CDB9B /* Frameworks */,
				E7A11DA2242FC1B5006CDB9B /* Resources */,
			);
			buildRules = (
			);
			dependencies = (
				E7A11DA6242FC1B5006CDB9B /* PBXTargetDependency */,
			);
			name = SimpleCalculatorUITests;
			productName = SimpleCalculatorUITests;
			productReference = E7A11DA4242FC1B5006CDB9B /* SimpleCalculatorUITests.xctest */;
			productType = "com.apple.product-type.bundle.ui-testing";
		};
/* End PBXNativeTarget section */

/* Begin PBXProject section */
		E7A11D7B242FC1B1006CDB9B /* Project object */ = {
			isa = PBXProject;
			attributes = {
				LastSwiftUpdateCheck = 1140;
				LastUpgradeCheck = 1140;
				ORGANIZATIONNAME = "Vladimir Mustafin";
				TargetAttributes = {
					E7A11D82242FC1B1006CDB9B = {
						CreatedOnToolsVersion = 11.4;
					};
					E7A11D98242FC1B5006CDB9B = {
						CreatedOnToolsVersion = 11.4;
						TestTargetID = E7A11D82242FC1B1006CDB9B;
					};
					E7A11DA3242FC1B5006CDB9B = {
						CreatedOnToolsVersion = 11.4;
						TestTargetID = E7A11D82242FC1B1006CDB9B;
					};
				};
			};
			buildConfigurationList = E7A11D7E242FC1B1006CDB9B /* Build configuration list for PBXProject "SimpleCalculator" */;
			compatibilityVersion = "Xcode 9.3";
			developmentRegion = en;
			hasScannedForEncodings = 0;
			knownRegions = (
				en,
				Base,
			);
			mainGroup = E7A11D7A242FC1B1006CDB9B;
			productRefGroup = E7A11D84242FC1B1006CDB9B /* Products */;
			projectDirPath = "";
			projectRoot = "";
			targets = (
				E7A11D82242FC1B1006CDB9B /* SimpleCalculator */,
				E7A11D98242FC1B5006CDB9B /* SimpleCalculatorTests */,
				E7A11DA3242FC1B5006CDB9B /* SimpleCalculatorUITests */,
			);
		};
/* End PBXProject section */

/* Begin PBXResourcesBuildPhase section */
		E7A11D81242FC1B1006CDB9B /* Resources */ = {
			isa = PBXResourcesBuildPhase;
			buildActionMask = 2147483647;
			files = (
				E7A11D93242FC1B5006CDB9B /* LaunchScreen.storyboard in Resources */,
				E7A11D90242FC1B5006CDB9B /* Assets.xcassets in Resources */,
				E7A11D8E242FC1B1006CDB9B /* Main.storyboard in Resources */,
			);
			runOnlyForDeploymentPostprocessing = 0;
		};
		E7A11D97242FC1B5006CDB9B /* Resources */ = {
			isa = PBXResourcesBuildPhase;
			buildActionMask = 2147483647;
			files = (
			);
			runOnlyForDeploymentPostprocessing = 0;
		};
		E7A11DA2242FC1B5006CDB9B /* Resources */ = {
			isa = PBXResourcesBuildPhase;
			buildActionMask = 2147483647;
			files = (
			);
			runOnlyForDeploymentPostprocessing = 0;
		};
/* End PBXResourcesBuildPhase section */

/* Begin PBXSourcesBuildPhase section */
		E7A11D7F242FC1B1006CDB9B /* Sources */ = {
			isa = PBXSourcesBuildPhase;
			buildActionMask = 2147483647;
			files = (
				E7A11D8B242FC1B1006CDB9B /* ViewController.swift in Sources */,
				E7A11D87242FC1B1006CDB9B /* AppDelegate.swift in Sources */,
				E7A11D89242FC1B1006CDB9B /* SceneDelegate.swift in Sources */,
			);
			runOnlyForDeploymentPostprocessing = 0;
		};
		E7A11D95242FC1B5006CDB9B /* Sources */ = {
			isa = PBXSourcesBuildPhase;
			buildActionMask = 2147483647;
			files = (
				E7A11D9E242FC1B5006CDB9B /* SimpleCalculatorTests.swift in Sources */,
			);
			runOnlyForDeploymentPostprocessing = 0;
		};
		E7A11DA0242FC1B5006CDB9B /* Sources */ = {
			isa = PBXSourcesBuildPhase;
			buildActionMask = 2147483647;
			files = (
				E7A11DA9242FC1B5006CDB9B /* SimpleCalculatorUITests.swift in Sources */,
			);
			runOnlyForDeploymentPostprocessing = 0;
		};
/* End PBXSourcesBuildPhase section */

/* Begin PBXTargetDependency section */
		E7A11D9B242FC1B5006CDB9B /* PBXTargetDependency */ = {
			isa = PBXTargetDependency;
			target = E7A11D82242FC1B1006CDB9B /* SimpleCalculator */;
			targetProxy = E7A11D9A242FC1B5006CDB9B /* PBXContainerItemProxy */;
		};
		E7A11DA6242FC1B5006CDB9B /* PBXTargetDependency */ = {
			isa = PBXTargetDependency;
			target = E7A11D82242FC1B1006CDB9B /* SimpleCalculator */;
			targetProxy = E7A11DA5242FC1B5006CDB9B /* PBXContainerItemProxy */;
		};
/* End PBXTargetDependency section */

/* Begin PBXVariantGroup section */
		E7A11D8C242FC1B1006CDB9B /* Main.storyboard */ = {
			isa = PBXVariantGroup;
			children = (
				E7A11D8D242FC1B1006CDB9B /* Base */,
			);
			name = Main.storyboard;
			sourceTree = "<group>";
		};
		E7A11D91242FC1B5006CDB9B /* LaunchScreen.storyboard */ = {
			isa = PBXVariantGroup;
			children = (
				E7A11D92242FC1B5006CDB9B /* Base */,
			);
			name = LaunchScreen.storyboard;
			sourceTree = "<group>";
		};
/* End PBXVariantGroup section */

/* Begin XCBuildConfiguration section */
		E7A11DAB242FC1B5006CDB9B /* Debug */ = {
			isa = XCBuildConfiguration;
			buildSettings = {
				ALWAYS_SEARCH_USER_PATHS = NO;
				CLANG_ANALYZER_NONNULL = YES;
				CLANG_ANALYZER_NUMBER_OBJECT_CONVERSION = YES_AGGRESSIVE;
				CLANG_CXX_LANGUAGE_STANDARD = "gnu++14";
				CLANG_CXX_LIBRARY = "libc++";
				CLANG_ENABLE_MODULES = YES;
				CLANG_ENABLE_OBJC_ARC = YES;
				CLANG_ENABLE_OBJC_WEAK = YES;
				CLANG_WARN_BLOCK_CAPTURE_AUTORELEASING = YES;
				CLANG_WARN_BOOL_CONVERSION = YES;
				CLANG_WARN_COMMA = YES;
				CLANG_WARN_CONSTANT_CONVERSION = YES;
				CLANG_WARN_DEPRECATED_OBJC_IMPLEMENTATIONS = YES;
				CLANG_WARN_DIRECT_OBJC_ISA_USAGE = YES_ERROR;
				CLANG_WARN_DOCUMENTATION_COMMENTS = YES;
				CLANG_WARN_EMPTY_BODY = YES;
				CLANG_WARN_ENUM_CONVERSION = YES;
				CLANG_WARN_INFINITE_RECURSION = YES;
				CLANG_WARN_INT_CONVERSION = YES;
				CLANG_WARN_NON_LITERAL_NULL_CONVERSION = YES;
				CLANG_WARN_OBJC_IMPLICIT_RETAIN_SELF = YES;
				CLANG_WARN_OBJC_LITERAL_CONVERSION = YES;
				CLANG_WARN_OBJC_ROOT_CLASS = YES_ERROR;
				CLANG_WARN_RANGE_LOOP_ANALYSIS = YES;
				CLANG_WARN_STRICT_PROTOTYPES = YES;
				CLANG_WARN_SUSPICIOUS_MOVE = YES;
				CLANG_WARN_UNGUARDED_AVAILABILITY = YES_AGGRESSIVE;
				CLANG_WARN_UNREACHABLE_CODE = YES;
				CLANG_WARN__DUPLICATE_METHOD_MATCH = YES;
				COPY_PHASE_STRIP = NO;
				DEBUG_INFORMATION_FORMAT = dwarf;
				ENABLE_STRICT_OBJC_MSGSEND = YES;
				ENABLE_TESTABILITY = YES;
				GCC_C_LANGUAGE_STANDARD = gnu11;
				GCC_DYNAMIC_NO_PIC = NO;
				GCC_NO_COMMON_BLOCKS = YES;
				GCC_OPTIMIZATION_LEVEL = 0;
				GCC_PREPROCESSOR_DEFINITIONS = (
					"DEBUG=1",
					"$(inherited)",
				);
				GCC_WARN_64_TO_32_BIT_CONVERSION = YES;
				GCC_WARN_ABOUT_RETURN_TYPE = YES_ERROR;
				GCC_WARN_UNDECLARED_SELECTOR = YES;
				GCC_WARN_UNINITIALIZED_AUTOS = YES_AGGRESSIVE;
				GCC_WARN_UNUSED_FUNCTION = YES;
				GCC_WARN_UNUSED_VARIABLE = YES;
				IPHONEOS_DEPLOYMENT_TARGET = 13.4;
				MTL_ENABLE_DEBUG_INFO = INCLUDE_SOURCE;
				MTL_FAST_MATH = YES;
				ONLY_ACTIVE_ARCH = YES;
				SDKROOT = iphoneos;
				SWIFT_ACTIVE_COMPILATION_CONDITIONS = DEBUG;
				SWIFT_OPTIMIZATION_LEVEL = "-Onone";
			};
			name = Debug;
		};
		E7A11DAC242FC1B5006CDB9B /* Release */ = {
			isa = XCBuildConfiguration;
			buildSettings = {
				ALWAYS_SEARCH_USER_PATHS = NO;
				CLANG_ANALYZER_NONNULL = YES;
				CLANG_ANALYZER_NUMBER_OBJECT_CONVERSION = YES_AGGRESSIVE;
				CLANG_CXX_LANGUAGE_STANDARD = "gnu++14";
				CLANG_CXX_LIBRARY = "libc++";
				CLANG_ENABLE_MODULES = YES;
				CLANG_ENABLE_OBJC_ARC = YES;
				CLANG_ENABLE_OBJC_WEAK = YES;
				CLANG_WARN_BLOCK_CAPTURE_AUTORELEASING = YES;
				CLANG_WARN_BOOL_CONVERSION = YES;
				CLANG_WARN_COMMA = YES;
				CLANG_WARN_CONSTANT_CONVERSION = YES;
				CLANG_WARN_DEPRECATED_OBJC_IMPLEMENTATIONS = YES;
				CLANG_WARN_DIRECT_OBJC_ISA_USAGE = YES_ERROR;
				CLANG_WARN_DOCUMENTATION_COMMENTS = YES;
				CLANG_WARN_EMPTY_BODY = YES;
				CLANG_WARN_ENUM_CONVERSION = YES;
				CLANG_WARN_INFINITE_RECURSION = YES;
				CLANG_WARN_INT_CONVERSION = YES;
				CLANG_WARN_NON_LITERAL_NULL_CONVERSION = YES;
				CLANG_WARN_OBJC_IMPLICIT_RETAIN_SELF = YES;
				CLANG_WARN_OBJC_LITERAL_CONVERSION = YES;
				CLANG_WARN_OBJC_ROOT_CLASS = YES_ERROR;
				CLANG_WARN_RANGE_LOOP_ANALYSIS = YES;
				CLANG_WARN_STRICT_PROTOTYPES = YES;
				CLANG_WARN_SUSPICIOUS_MOVE = YES;
				CLANG_WARN_UNGUARDED_AVAILABILITY = YES_AGGRESSIVE;
				CLANG_WARN_UNREACHABLE_CODE = YES;
				CLANG_WARN__DUPLICATE_METHOD_MATCH = YES;
				COPY_PHASE_STRIP = NO;
				DEBUG_INFORMATION_FORMAT = "dwarf-with-dsym";
				ENABLE_NS_ASSERTIONS = NO;
				ENABLE_STRICT_OBJC_MSGSEND = YES;
				GCC_C_LANGUAGE_STANDARD = gnu11;
				GCC_NO_COMMON_BLOCKS = YES;
				GCC_WARN_64_TO_32_BIT_CONVERSION = YES;
				GCC_WARN_ABOUT_RETURN_TYPE = YES_ERROR;
				GCC_WARN_UNDECLARED_SELECTOR = YES;
				GCC_WARN_UNINITIALIZED_AUTOS = YES_AGGRESSIVE;
				GCC_WARN_UNUSED_FUNCTION = YES;
				GCC_WARN_UNUSED_VARIABLE = YES;
				IPHONEOS_DEPLOYMENT_TARGET = 13.4;
				MTL_ENABLE_DEBUG_INFO = NO;
				MTL_FAST_MATH = YES;
				SDKROOT = iphoneos;
				SWIFT_COMPILATION_MODE = wholemodule;
				SWIFT_OPTIMIZATION_LEVEL = "-O";
				VALIDATE_PRODUCT = YES;
			};
			name = Release;
		};
		E7A11DAE242FC1B5006CDB9B /* Debug */ = {
			isa = XCBuildConfiguration;
			buildSettings = {
				ASSETCATALOG_COMPILER_APPICON_NAME = AppIcon;
				CODE_SIGN_STYLE = Automatic;
				INFOPLIST_FILE = SimpleCalculator/Info.plist;
				LD_RUNPATH_SEARCH_PATHS = (
					"$(inherited)",
					"@executable_path/Frameworks",
				);
				PRODUCT_BUNDLE_IDENTIFIER = Moovir.SimpleCalculator;
				PRODUCT_NAME = "$(TARGET_NAME)";
				SWIFT_VERSION = 5.0;
				TARGETED_DEVICE_FAMILY = "1,2";
			};
			name = Debug;
		};
		E7A11DAF242FC1B5006CDB9B /* Release */ = {
			isa = XCBuildConfiguration;
			buildSettings = {
				ASSETCATALOG_COMPILER_APPICON_NAME = AppIcon;
				CODE_SIGN_STYLE = Automatic;
				INFOPLIST_FILE = SimpleCalculator/Info.plist;
				LD_RUNPATH_SEARCH_PATHS = (
					"$(inherited)",
					"@executable_path/Frameworks",
				);
				PRODUCT_BUNDLE_IDENTIFIER = Moovir.SimpleCalculator;
				PRODUCT_NAME = "$(TARGET_NAME)";
				SWIFT_VERSION = 5.0;
				TARGETED_DEVICE_FAMILY = "1,2";
			};
			name = Release;
		};
		E7A11DB1242FC1B5006CDB9B /* Debug */ = {
			isa = XCBuildConfiguration;
			buildSettings = {
				ALWAYS_EMBED_SWIFT_STANDARD_LIBRARIES = YES;
				BUNDLE_LOADER = "$(TEST_HOST)";
				CODE_SIGN_STYLE = Automatic;
				INFOPLIST_FILE = SimpleCalculatorTests/Info.plist;
				IPHONEOS_DEPLOYMENT_TARGET = 13.4;
				LD_RUNPATH_SEARCH_PATHS = (
					"$(inherited)",
					"@executable_path/Frameworks",
					"@loader_path/Frameworks",
				);
				PRODUCT_BUNDLE_IDENTIFIER = Moovir.SimpleCalculatorTests;
				PRODUCT_NAME = "$(TARGET_NAME)";
				SWIFT_VERSION = 5.0;
				TARGETED_DEVICE_FAMILY = "1,2";
				TEST_HOST = "$(BUILT_PRODUCTS_DIR)/SimpleCalculator.app/SimpleCalculator";
			};
			name = Debug;
		};
		E7A11DB2242FC1B5006CDB9B /* Release */ = {
			isa = XCBuildConfiguration;
			buildSettings = {
				ALWAYS_EMBED_SWIFT_STANDARD_LIBRARIES = YES;
				BUNDLE_LOADER = "$(TEST_HOST)";
				CODE_SIGN_STYLE = Automatic;
				INFOPLIST_FILE = SimpleCalculatorTests/Info.plist;
				IPHONEOS_DEPLOYMENT_TARGET = 13.4;
				LD_RUNPATH_SEARCH_PATHS = (
					"$(inherited)",
					"@executable_path/Frameworks",
					"@loader_path/Frameworks",
				);
				PRODUCT_BUNDLE_IDENTIFIER = Moovir.SimpleCalculatorTests;
				PRODUCT_NAME = "$(TARGET_NAME)";
				SWIFT_VERSION = 5.0;
				TARGETED_DEVICE_FAMILY = "1,2";
				TEST_HOST = "$(BUILT_PRODUCTS_DIR)/SimpleCalculator.app/SimpleCalculator";
			};
			name = Release;
		};
		E7A11DB4242FC1B5006CDB9B /* Debug */ = {
			isa = XCBuildConfiguration;
			buildSettings = {
				ALWAYS_EMBED_SWIFT_STANDARD_LIBRARIES = YES;
				CODE_SIGN_STYLE = Automatic;
				INFOPLIST_FILE = SimpleCalculatorUITests/Info.plist;
				LD_RUNPATH_SEARCH_PATHS = (
					"$(inherited)",
					"@executable_path/Frameworks",
					"@loader_path/Frameworks",
				);
				PRODUCT_BUNDLE_IDENTIFIER = Moovir.SimpleCalculatorUITests;
				PRODUCT_NAME = "$(TARGET_NAME)";
				SWIFT_VERSION = 5.0;
				TARGETED_DEVICE_FAMILY = "1,2";
				TEST_TARGET_NAME = SimpleCalculator;
			};
			name = Debug;
		};
		E7A11DB5242FC1B5006CDB9B /* Release */ = {
			isa = XCBuildConfiguration;
			buildSettings = {
				ALWAYS_EMBED_SWIFT_STANDARD_LIBRARIES = YES;
				CODE_SIGN_STYLE = Automatic;
				INFOPLIST_FILE = SimpleCalculatorUITests/Info.plist;
				LD_RUNPATH_SEARCH_PATHS = (
					"$(inherited)",
					"@executable_path/Frameworks",
					"@loader_path/Frameworks",
				);
				PRODUCT_BUNDLE_IDENTIFIER = Moovir.SimpleCalculatorUITests;
				PRODUCT_NAME = "$(TARGET_NAME)";
				SWIFT_VERSION = 5.0;
				TARGETED_DEVICE_FAMILY = "1,2";
				TEST_TARGET_NAME = SimpleCalculator;
			};
			name = Release;
		};
/* End XCBuildConfiguration section */

/* Begin XCConfigurationList section */
		E7A11D7E242FC1B1006CDB9B /* Build configuration list for PBXProject "SimpleCalculator" */ = {
			isa = XCConfigurationList;
			buildConfigurations = (
				E7A11DAB242FC1B5006CDB9B /* Debug */,
				E7A11DAC242FC1B5006CDB9B /* Release */,
			);
			defaultConfigurationIsVisible = 0;
			defaultConfigurationName = Release;
		};
		E7A11DAD242FC1B5006CDB9B /* Build configuration list for PBXNativeTarget "SimpleCalculator" */ = {
			isa = XCConfigurationList;
			buildConfigurations = (
				E7A11DAE242FC1B5006CDB9B /* Debug */,
				E7A11DAF242FC1B5006CDB9B /* Release */,
			);
			defaultConfigurationIsVisible = 0;
			defaultConfigurationName = Release;
		};
		E7A11DB0242FC1B5006CDB9B /* Build configuration list for PBXNativeTarget "SimpleCalculatorTests" */ = {
			isa = XCConfigurationList;
			buildConfigurations = (
				E7A11DB1242FC1B5006CDB9B /* Debug */,
				E7A11DB2242FC1B5006CDB9B /* Release */,
			);
			defaultConfigurationIsVisible = 0;
			defaultConfigurationName = Release;
		};
		E7A11DB3242FC1B5006CDB9B /* Build configuration list for PBXNativeTarget "SimpleCalculatorUITests" */ = {
			isa = XCConfigurationList;
			buildConfigurations = (
				E7A11DB4242FC1B5006CDB9B /* Debug */,
				E7A11DB5242FC1B5006CDB9B /* Release */,
			);
			defaultConfigurationIsVisible = 0;
			defaultConfigurationName = Release;
		};
/* End XCConfigurationList section */
	};
	rootObject = E7A11D7B242FC1B1006CDB9B /* Project object */;
}
